
Microsoft Visual Studio Solution File, Format Version 12.00
# Visual Studio Version 16
VisualStudioVersion = 16.0.29201.188
MinimumVisualStudioVersion = 10.0.40219.1
Project("{FAE04EC0-301F-11D3-BF4B-00C04F79EFBC}") = "MyVet.Common", "MyVet.Common\MyVet.Common.csproj", "{7B512B33-D8AB-48A0-B62C-DBFD30AE1DAC}"
EndProject
Project("{FAE04EC0-301F-11D3-BF4B-00C04F79EFBC}") = "MyVet.Web", "MyVet.Web\MyVet.Web.csproj", "{350E74C0-651B-472F-BB25-A373837E86F8}"
EndProject
Global
	GlobalSection(SolutionConfigurationPlatforms) = preSolution
		Debug|Any CPU = Debug|Any CPU
		Release|Any CPU = Release|Any CPU
	EndGlobalSection
	GlobalSection(ProjectConfigurationPlatforms) = postSolution
		{7B512B33-D8AB-48A0-B62C-DBFD30AE1DAC}.Debug|Any CPU.ActiveCfg = Debug|Any CPU
		{7B512B33-D8AB-48A0-B62C-DBFD30AE1DAC}.Debug|Any CPU.Build.0 = Debug|Any CPU
		{7B512B33-D8AB-48A0-B62C-DBFD30AE1DAC}.Release|Any CPU.ActiveCfg = Release|Any CPU
		{7B512B33-D8AB-48A0-B62C-DBFD30AE1DAC}.Release|Any CPU.Build.0 = Release|Any CPU
		{350E74C0-651B-472F-BB25-A373837E86F8}.Debug|Any CPU.ActiveCfg = Debug|Any CPU
		{350E74C0-651B-472F-BB25-A373837E86F8}.Debug|Any CPU.Build.0 = Debug|Any CPU
		{350E74C0-651B-472F-BB25-A373837E86F8}.Release|Any CPU.ActiveCfg = Release|Any CPU
		{350E74C0-651B-472F-BB25-A373837E86F8}.Release|Any CPU.Build.0 = Release|Any CPU
	EndGlobalSection
	GlobalSection(SolutionProperties) = preSolution
		HideSolutionNode = FALSE
	EndGlobalSection
	GlobalSection(ExtensibilityGlobals) = postSolution
		SolutionGuid = {1D54A9F1-B8E5-41CF-B284-573A8A590159}
	EndGlobalSection
EndGlobal
